
Microsoft Visual Studio Solution File, Format Version 12.00
# Visual Studio Version 17
VisualStudioVersion = 17.14.36414.22 d17.14
MinimumVisualStudioVersion = 10.0.40219.1
Project("{FAE04EC0-301F-11D3-BF4B-00C04F79EFBC}") = "Back", "Back.csproj", "{96089B0D-4A2F-4793-BF73-AE10B6BF4182}"
EndProject
Global
	GlobalSection(SolutionConfigurationPlatforms) = preSolution
		Debug|Any CPU = Debug|Any CPU
		Release|Any CPU = Release|Any CPU
	EndGlobalSection
	GlobalSection(ProjectConfigurationPlatforms) = postSolution
		{96089B0D-4A2F-4793-BF73-AE10B6BF4182}.Debug|Any CPU.ActiveCfg = Debug|Any CPU
		{96089B0D-4A2F-4793-BF73-AE10B6BF4182}.Debug|Any CPU.Build.0 = Debug|Any CPU
		{96089B0D-4A2F-4793-BF73-AE10B6BF4182}.Release|Any CPU.ActiveCfg = Release|Any CPU
		{96089B0D-4A2F-4793-BF73-AE10B6BF4182}.Release|Any CPU.Build.0 = Release|Any CPU
	EndGlobalSection
	GlobalSection(SolutionProperties) = preSolution
		HideSolutionNode = FALSE
	EndGlobalSection
	GlobalSection(ExtensibilityGlobals) = postSolution
		SolutionGuid = {84FF2653-6F65-45DA-B6D2-AF3D82FA2511}
	EndGlobalSection
EndGlobal
